
Microsoft Visual Studio Solution File, Format Version 12.00
# Visual Studio Version 16
VisualStudioVersion = 16.0.31424.327
MinimumVisualStudioVersion = 10.0.40219.1
Project("{2150E333-8FDC-42A3-9474-1A3956D46DE8}") = "1 - Services Layer", "1 - Services Layer", "{A86A14FA-1AAC-45C4-A463-DFE79D04AAF6}"
EndProject
Project("{2150E333-8FDC-42A3-9474-1A3956D46DE8}") = "2 - Repository Layer", "2 - Repository Layer", "{3D09E69F-AEC5-45B4-B042-E7C0C9C3CEB8}"
EndProject
Project("{FAE04EC0-301F-11D3-BF4B-00C04F79EFBC}") = "AspNetAPIProject01.Services", "AspNetAPIProject01.Services\AspNetAPIProject01.Services.csproj", "{A140C1DD-943B-4C12-9A33-3E797EC82E57}"
EndProject
Project("{FAE04EC0-301F-11D3-BF4B-00C04F79EFBC}") = "AspNetAPIProject01.Data", "AspNetAPIProject01.Repository\AspNetAPIProject01.Data.csproj", "{0A173867-7630-43E1-A171-980BFA2D3046}"
EndProject
Global
	GlobalSection(SolutionConfigurationPlatforms) = preSolution
		Debug|Any CPU = Debug|Any CPU
		Release|Any CPU = Release|Any CPU
	EndGlobalSection
	GlobalSection(ProjectConfigurationPlatforms) = postSolution
		{A140C1DD-943B-4C12-9A33-3E797EC82E57}.Debug|Any CPU.ActiveCfg = Debug|Any CPU
		{A140C1DD-943B-4C12-9A33-3E797EC82E57}.Debug|Any CPU.Build.0 = Debug|Any CPU
		{A140C1DD-943B-4C12-9A33-3E797EC82E57}.Release|Any CPU.ActiveCfg = Release|Any CPU
		{A140C1DD-943B-4C12-9A33-3E797EC82E57}.Release|Any CPU.Build.0 = Release|Any CPU
		{0A173867-7630-43E1-A171-980BFA2D3046}.Debug|Any CPU.ActiveCfg = Debug|Any CPU
		{0A173867-7630-43E1-A171-980BFA2D3046}.Debug|Any CPU.Build.0 = Debug|Any CPU
		{0A173867-7630-43E1-A171-980BFA2D3046}.Release|Any CPU.ActiveCfg = Release|Any CPU
		{0A173867-7630-43E1-A171-980BFA2D3046}.Release|Any CPU.Build.0 = Release|Any CPU
	EndGlobalSection
	GlobalSection(SolutionProperties) = preSolution
		HideSolutionNode = FALSE
	EndGlobalSection
	GlobalSection(NestedProjects) = preSolution
		{A140C1DD-943B-4C12-9A33-3E797EC82E57} = {A86A14FA-1AAC-45C4-A463-DFE79D04AAF6}
		{0A173867-7630-43E1-A171-980BFA2D3046} = {3D09E69F-AEC5-45B4-B042-E7C0C9C3CEB8}
	EndGlobalSection
	GlobalSection(ExtensibilityGlobals) = postSolution
		SolutionGuid = {AA645198-AC1E-4040-B35C-651C0EC362EA}
	EndGlobalSection
EndGlobal
